
Microsoft Visual Studio Solution File, Format Version 12.00
# Visual Studio Version 17
VisualStudioVersion = 17.6.33829.357
MinimumVisualStudioVersion = 10.0.40219.1
Project("{2150E333-8FDC-42A3-9474-1A3956D46DE8}") = "src", "src", "{C233BA5C-E2AD-49F0-857C-E4A28292DD67}"
EndProject
Project("{9A19103F-16F7-4668-BE54-9A1E7A4F7556}") = "CleanPlanet.Wep", "src\CleanPlanet.Wep\CleanPlanet.Wep.csproj", "{3D05F22A-3F7A-4B55-B5F6-7DD7C3DA9CA4}"
EndProject
Project("{FAE04EC0-301F-11D3-BF4B-00C04F79EFBC}") = "CleanPlanet.Domain", "src\CleanPlanet.Domain\CleanPlanet.Domain.csproj", "{2525A07F-7502-437D-BC9E-ACE2D27452DC}"
EndProject
Project("{FAE04EC0-301F-11D3-BF4B-00C04F79EFBC}") = "CleanPlanet.DAL", "src\CleanPlanet.DAL\CleanPlanet.DAL.csproj", "{53FF9063-029C-40C7-9649-91CE4D0C246E}"
EndProject
Project("{FAE04EC0-301F-11D3-BF4B-00C04F79EFBC}") = "CleanPlanet.Service", "src\CleanPlanet.Service\CleanPlanet.Service.csproj", "{29D68D40-B06C-4C6B-920E-916C0B6DE7D8}"
EndProject
Project("{FAE04EC0-301F-11D3-BF4B-00C04F79EFBC}") = "CleanPlanet.API", "src\CleanPlanet.API\CleanPlanet.API.csproj", "{0394F57C-53A4-423C-BFCB-F015C325185B}"
EndProject
Project("{FAE04EC0-301F-11D3-BF4B-00C04F79EFBC}") = "CleanPlanet.Shared", "src\CleanPlanet.Shared\CleanPlanet.Shared.csproj", "{2B10B19A-A90A-4170-A93E-DAB6E7A82ACA}"
EndProject
Global
	GlobalSection(SolutionConfigurationPlatforms) = preSolution
		Debug|Any CPU = Debug|Any CPU
		Release|Any CPU = Release|Any CPU
	EndGlobalSection
	GlobalSection(ProjectConfigurationPlatforms) = postSolution
		{3D05F22A-3F7A-4B55-B5F6-7DD7C3DA9CA4}.Debug|Any CPU.ActiveCfg = Debug|Any CPU
		{3D05F22A-3F7A-4B55-B5F6-7DD7C3DA9CA4}.Debug|Any CPU.Build.0 = Debug|Any CPU
		{3D05F22A-3F7A-4B55-B5F6-7DD7C3DA9CA4}.Release|Any CPU.ActiveCfg = Release|Any CPU
		{3D05F22A-3F7A-4B55-B5F6-7DD7C3DA9CA4}.Release|Any CPU.Build.0 = Release|Any CPU
		{2525A07F-7502-437D-BC9E-ACE2D27452DC}.Debug|Any CPU.ActiveCfg = Debug|Any CPU
		{2525A07F-7502-437D-BC9E-ACE2D27452DC}.Debug|Any CPU.Build.0 = Debug|Any CPU
		{2525A07F-7502-437D-BC9E-ACE2D27452DC}.Release|Any CPU.ActiveCfg = Release|Any CPU
		{2525A07F-7502-437D-BC9E-ACE2D27452DC}.Release|Any CPU.Build.0 = Release|Any CPU
		{53FF9063-029C-40C7-9649-91CE4D0C246E}.Debug|Any CPU.ActiveCfg = Debug|Any CPU
		{53FF9063-029C-40C7-9649-91CE4D0C246E}.Debug|Any CPU.Build.0 = Debug|Any CPU
		{53FF9063-029C-40C7-9649-91CE4D0C246E}.Release|Any CPU.ActiveCfg = Release|Any CPU
		{53FF9063-029C-40C7-9649-91CE4D0C246E}.Release|Any CPU.Build.0 = Release|Any CPU
		{29D68D40-B06C-4C6B-920E-916C0B6DE7D8}.Debug|Any CPU.ActiveCfg = Debug|Any CPU
		{29D68D40-B06C-4C6B-920E-916C0B6DE7D8}.Debug|Any CPU.Build.0 = Debug|Any CPU
		{29D68D40-B06C-4C6B-920E-916C0B6DE7D8}.Release|Any CPU.ActiveCfg = Release|Any CPU
		{29D68D40-B06C-4C6B-920E-916C0B6DE7D8}.Release|Any CPU.Build.0 = Release|Any CPU
		{0394F57C-53A4-423C-BFCB-F015C325185B}.Debug|Any CPU.ActiveCfg = Debug|Any CPU
		{0394F57C-53A4-423C-BFCB-F015C325185B}.Debug|Any CPU.Build.0 = Debug|Any CPU
		{0394F57C-53A4-423C-BFCB-F015C325185B}.Release|Any CPU.ActiveCfg = Release|Any CPU
		{0394F57C-53A4-423C-BFCB-F015C325185B}.Release|Any CPU.Build.0 = Release|Any CPU
		{2B10B19A-A90A-4170-A93E-DAB6E7A82ACA}.Debug|Any CPU.ActiveCfg = Debug|Any CPU
		{2B10B19A-A90A-4170-A93E-DAB6E7A82ACA}.Debug|Any CPU.Build.0 = Debug|Any CPU
		{2B10B19A-A90A-4170-A93E-DAB6E7A82ACA}.Release|Any CPU.ActiveCfg = Release|Any CPU
		{2B10B19A-A90A-4170-A93E-DAB6E7A82ACA}.Release|Any CPU.Build.0 = Release|Any CPU
	EndGlobalSection
	GlobalSection(SolutionProperties) = preSolution
		HideSolutionNode = FALSE
	EndGlobalSection
	GlobalSection(NestedProjects) = preSolution
		{3D05F22A-3F7A-4B55-B5F6-7DD7C3DA9CA4} = {C233BA5C-E2AD-49F0-857C-E4A28292DD67}
		{2525A07F-7502-437D-BC9E-ACE2D27452DC} = {C233BA5C-E2AD-49F0-857C-E4A28292DD67}
		{53FF9063-029C-40C7-9649-91CE4D0C246E} = {C233BA5C-E2AD-49F0-857C-E4A28292DD67}
		{29D68D40-B06C-4C6B-920E-916C0B6DE7D8} = {C233BA5C-E2AD-49F0-857C-E4A28292DD67}
		{0394F57C-53A4-423C-BFCB-F015C325185B} = {C233BA5C-E2AD-49F0-857C-E4A28292DD67}
		{2B10B19A-A90A-4170-A93E-DAB6E7A82ACA} = {C233BA5C-E2AD-49F0-857C-E4A28292DD67}
	EndGlobalSection
	GlobalSection(ExtensibilityGlobals) = postSolution
		SolutionGuid = {004F20F6-2507-42D1-A30F-90496E139B26}
	EndGlobalSection
EndGlobal
